// !$*UTF8*$!
{
	archiveVersion = 1;
	classes = {
	};
	objectVersion = 70;
	objects = {

/* Begin PBXBuildFile section */
		BB4378582E18AE9B00534EED /* BlocklistManager.swift in Sources */ = {isa = PBXBuildFile; fileRef = BB4378562E18AE9B00534EED /* BlocklistManager.swift */; };
		BB4378592E18AE9B00534EED /* SubscriptionManager.swift in Sources */ = {isa = PBXBuildFile; fileRef = BB4378572E18AE9B00534EED /* SubscriptionManager.swift */; };
		BB43785B2E18B5AD00534EED /* keywordsList.json in Resources */ = {isa = PBXBuildFile; fileRef = BB43785A2E18B57E00534EED /* keywordsList.json */; };
		BB4378BA2E1F53C000534EED /* ContentBlocker.appex in Embed Foundation Extensions */ = {isa = PBXBuildFile; fileRef = BB4378B12E1F53C000534EED /* ContentBlocker.appex */; settings = {ATTRIBUTES = (RemoveHeadersOnCopy, ); }; };
		BB4378D02E2742A800534EED /* PaywallScreen.swift in Sources */ = {isa = PBXBuildFile; fileRef = BB4378C72E2742A800534EED /* PaywallScreen.swift */; };
		BB4378D12E2742A800534EED /* FAQView.swift in Sources */ = {isa = PBXBuildFile; fileRef = BB4378C22E2742A800534EED /* FAQView.swift */; };
		BB4378D22E2742A800534EED /* DashboardView.swift in Sources */ = {isa = PBXBuildFile; fileRef = BB4378C12E2742A800534EED /* DashboardView.swift */; };
		BB4378D32E2742A800534EED /* SubmitView.swift in Sources */ = {isa = PBXBuildFile; fileRef = BB4378CD2E2742A800534EED /* SubmitView.swift */; };
		BB4378D42E2742A800534EED /* BlockerSettingsView.swift in Sources */ = {isa = PBXBuildFile; fileRef = BB4378BF2E2742A800534EED /* BlockerSettingsView.swift */; };
		BB4378D52E2742A800534EED /* SafariExtensionInstructionsView.swift in Sources */ = {isa = PBXBuildFile; fileRef = BB4378C92E2742A800534EED /* SafariExtensionInstructionsView.swift */; };
		BB4378D62E2742A800534EED /* TermsView.swift in Sources */ = {isa = PBXBuildFile; fileRef = BB4378CE2E2742A800534EED /* TermsView.swift */; };
		BB4378D72E2742A800534EED /* PrivacyPolicyView.swift in Sources */ = {isa = PBXBuildFile; fileRef = BB4378C82E2742A800534EED /* PrivacyPolicyView.swift */; };
		BB4378D82E2742A800534EED /* WebsiteEditorView.swift in Sources */ = {isa = PBXBuildFile; fileRef = BB4378CF2E2742A800534EED /* WebsiteEditorView.swift */; };
		BB4378D92E2742A800534EED /* ContactView.swift in Sources */ = {isa = PBXBuildFile; fileRef = BB4378C02E2742A800534EED /* ContactView.swift */; };
		BB4378DA2E2742A800534EED /* FeatureRow.swift in Sources */ = {isa = PBXBuildFile; fileRef = BB4378C32E2742A800534EED /* FeatureRow.swift */; };
		BB4378DB2E2742A800534EED /* MainTabView.swift in Sources */ = {isa = PBXBuildFile; fileRef = BB4378C62E2742A800534EED /* MainTabView.swift */; };
		BB4378DC2E2742A800534EED /* SettingsRow.swift in Sources */ = {isa = PBXBuildFile; fileRef = BB4378CA2E2742A800534EED /* SettingsRow.swift */; };
		BB4378DD2E2742A800534EED /* SettingsView.swift in Sources */ = {isa = PBXBuildFile; fileRef = BB4378CB2E2742A800534EED /* SettingsView.swift */; };
		BB4378DE2E2742A800534EED /* StatisticCard.swift in Sources */ = {isa = PBXBuildFile; fileRef = BB4378CC2E2742A800534EED /* StatisticCard.swift */; };
		BB4378DF2E2742A800534EED /* InstructionStep.swift in Sources */ = {isa = PBXBuildFile; fileRef = BB4378C42E2742A800534EED /* InstructionStep.swift */; };
		BB4378E02E2742A800534EED /* KeywordEditorView.swift in Sources */ = {isa = PBXBuildFile; fileRef = BB4378C52E2742A800534EED /* KeywordEditorView.swift */; };
		BBC567EC2A2EA0460017E798 /* Porn_BlockerApp.swift in Sources */ = {isa = PBXBuildFile; fileRef = BBC567EB2A2EA0460017E798 /* Porn_BlockerApp.swift */; };
		BBC567EE2A2EA0460017E798 /* ContentView.swift in Sources */ = {isa = PBXBuildFile; fileRef = BBC567ED2A2EA0460017E798 /* ContentView.swift */; };
		BBC567F02A2EA0470017E798 /* Assets.xcassets in Resources */ = {isa = PBXBuildFile; fileRef = BBC567EF2A2EA0470017E798 /* Assets.xcassets */; };
		BBC567F32A2EA0470017E798 /* Preview Assets.xcassets in Resources */ = {isa = PBXBuildFile; fileRef = BBC567F22A2EA0470017E798 /* Preview Assets.xcassets */; };
/* End PBXBuildFile section */

/* Begin PBXContainerItemProxy section */
		BB4378B82E1F53C000534EED /* PBXContainerItemProxy */ = {
			isa = PBXContainerItemProxy;
			containerPortal = BBC567E02A2EA0460017E798 /* Project object */;
			proxyType = 1;
			remoteGlobalIDString = BB4378B02E1F53C000534EED;
			remoteInfo = ContentBlocker;
		};
/* End PBXContainerItemProxy section */

/* Begin PBXCopyFilesBuildPhase section */
		BB4378512E1760FB00534EED /* Embed Foundation Extensions */ = {
			isa = PBXCopyFilesBuildPhase;
			buildActionMask = 2147483647;
			dstPath = "";
			dstSubfolderSpec = 13;
			files = (
				BB4378BA2E1F53C000534EED /* ContentBlocker.appex in Embed Foundation Extensions */,
			);
			name = "Embed Foundation Extensions";
			runOnlyForDeploymentPostprocessing = 0;
		};
/* End PBXCopyFilesBuildPhase section */

/* Begin PBXFileReference section */
		BB4378562E18AE9B00534EED /* BlocklistManager.swift */ = {isa = PBXFileReference; lastKnownFileType = sourcecode.swift; path = BlocklistManager.swift; sourceTree = "<group>"; };
		BB4378572E18AE9B00534EED /* SubscriptionManager.swift */ = {isa = PBXFileReference; lastKnownFileType = sourcecode.swift; path = SubscriptionManager.swift; sourceTree = "<group>"; };
		BB43785A2E18B57E00534EED /* keywordsList.json */ = {isa = PBXFileReference; lastKnownFileType = text.json; path = keywordsList.json; sourceTree = "<group>"; };
		BB4378B12E1F53C000534EED /* ContentBlocker.appex */ = {isa = PBXFileReference; explicitFileType = "wrapper.app-extension"; includeInIndex = 0; path = ContentBlocker.appex; sourceTree = BUILT_PRODUCTS_DIR; };
		BB4378BF2E2742A800534EED /* BlockerSettingsView.swift */ = {isa = PBXFileReference; lastKnownFileType = sourcecode.swift; path = BlockerSettingsView.swift; sourceTree = "<group>"; };
		BB4378C02E2742A800534EED /* ContactView.swift */ = {isa = PBXFileReference; lastKnownFileType = sourcecode.swift; path = ContactView.swift; sourceTree = "<group>"; };
		BB4378C12E2742A800534EED /* DashboardView.swift */ = {isa = PBXFileReference; lastKnownFileType = sourcecode.swift; path = DashboardView.swift; sourceTree = "<group>"; };
		BB4378C22E2742A800534EED /* FAQView.swift */ = {isa = PBXFileReference; lastKnownFileType = sourcecode.swift; path = FAQView.swift; sourceTree = "<group>"; };
		BB4378C32E2742A800534EED /* FeatureRow.swift */ = {isa = PBXFileReference; lastKnownFileType = sourcecode.swift; path = FeatureRow.swift; sourceTree = "<group>"; };
		BB4378C42E2742A800534EED /* InstructionStep.swift */ = {isa = PBXFileReference; lastKnownFileType = sourcecode.swift; path = InstructionStep.swift; sourceTree = "<group>"; };
		BB4378C52E2742A800534EED /* KeywordEditorView.swift */ = {isa = PBXFileReference; lastKnownFileType = sourcecode.swift; path = KeywordEditorView.swift; sourceTree = "<group>"; };
		BB4378C62E2742A800534EED /* MainTabView.swift */ = {isa = PBXFileReference; lastKnownFileType = sourcecode.swift; path = MainTabView.swift; sourceTree = "<group>"; };
		BB4378C72E2742A800534EED /* PaywallScreen.swift */ = {isa = PBXFileReference; lastKnownFileType = sourcecode.swift; path = PaywallScreen.swift; sourceTree = "<group>"; };
		BB4378C82E2742A800534EED /* PrivacyPolicyView.swift */ = {isa = PBXFileReference; lastKnownFileType = sourcecode.swift; path = PrivacyPolicyView.swift; sourceTree = "<group>"; };
		BB4378C92E2742A800534EED /* SafariExtensionInstructionsView.swift */ = {isa = PBXFileReference; lastKnownFileType = sourcecode.swift; path = SafariExtensionInstructionsView.swift; sourceTree = "<group>"; };
		BB4378CA2E2742A800534EED /* SettingsRow.swift */ = {isa = PBXFileReference; lastKnownFileType = sourcecode.swift; path = SettingsRow.swift; sourceTree = "<group>"; };
		BB4378CB2E2742A800534EED /* SettingsView.swift */ = {isa = PBXFileReference; lastKnownFileType = sourcecode.swift; path = SettingsView.swift; sourceTree = "<group>"; };
		BB4378CC2E2742A800534EED /* StatisticCard.swift */ = {isa = PBXFileReference; lastKnownFileType = sourcecode.swift; path = StatisticCard.swift; sourceTree = "<group>"; };
		BB4378CD2E2742A800534EED /* SubmitView.swift */ = {isa = PBXFileReference; lastKnownFileType = sourcecode.swift; path = SubmitView.swift; sourceTree = "<group>"; };
		BB4378CE2E2742A800534EED /* TermsView.swift */ = {isa = PBXFileReference; lastKnownFileType = sourcecode.swift; path = TermsView.swift; sourceTree = "<group>"; };
		BB4378CF2E2742A800534EED /* WebsiteEditorView.swift */ = {isa = PBXFileReference; lastKnownFileType = sourcecode.swift; path = WebsiteEditorView.swift; sourceTree = "<group>"; };
		BB43791D2E34701900534EED /* Porn BlockerDebug.entitlements */ = {isa = PBXFileReference; lastKnownFileType = text.plist.entitlements; path = "Porn BlockerDebug.entitlements"; sourceTree = "<group>"; };
		BBC567E82A2EA0460017E798 /* Porn Blocker.app */ = {isa = PBXFileReference; explicitFileType = wrapper.application; includeInIndex = 0; path = "Porn Blocker.app"; sourceTree = BUILT_PRODUCTS_DIR; };
		BBC567EB2A2EA0460017E798 /* Porn_BlockerApp.swift */ = {isa = PBXFileReference; lastKnownFileType = sourcecode.swift; path = Porn_BlockerApp.swift; sourceTree = "<group>"; };
		BBC567ED2A2EA0460017E798 /* ContentView.swift */ = {isa = PBXFileReference; lastKnownFileType = sourcecode.swift; path = ContentView.swift; sourceTree = "<group>"; };
		BBC567EF2A2EA0470017E798 /* Assets.xcassets */ = {isa = PBXFileReference; lastKnownFileType = folder.assetcatalog; path = Assets.xcassets; sourceTree = "<group>"; };
		BBC567F22A2EA0470017E798 /* Preview Assets.xcassets */ = {isa = PBXFileReference; lastKnownFileType = folder.assetcatalog; path = "Preview Assets.xcassets"; sourceTree = "<group>"; };
/* End PBXFileReference section */

/* Begin PBXFileSystemSynchronizedBuildFileExceptionSet section */
		BB4378BB2E1F53C000534EED /* PBXFileSystemSynchronizedBuildFileExceptionSet */ = {
			isa = PBXFileSystemSynchronizedBuildFileExceptionSet;
			membershipExceptions = (
				Info.plist,
			);
			target = BB4378B02E1F53C000534EED /* ContentBlocker */;
		};
/* End PBXFileSystemSynchronizedBuildFileExceptionSet section */

/* Begin PBXFileSystemSynchronizedRootGroup section */
		BB4378B22E1F53C000534EED /* ContentBlocker */ = {isa = PBXFileSystemSynchronizedRootGroup; exceptions = (BB4378BB2E1F53C000534EED /* PBXFileSystemSynchronizedBuildFileExceptionSet */, ); explicitFileTypes = {}; explicitFolders = (); path = ContentBlocker; sourceTree = "<group>"; };
/* End PBXFileSystemSynchronizedRootGroup section */

/* Begin PBXFrameworksBuildPhase section */
		BB4378AE2E1F53C000534EED /* Frameworks */ = {
			isa = PBXFrameworksBuildPhase;
			buildActionMask = 2147483647;
			files = (
			);
			runOnlyForDeploymentPostprocessing = 0;
		};
		BBC567E52A2EA0460017E798 /* Frameworks */ = {
			isa = PBXFrameworksBuildPhase;
			buildActionMask = 2147483647;
			files = (
			);
			runOnlyForDeploymentPostprocessing = 0;
		};
/* End PBXFrameworksBuildPhase section */

/* Begin PBXGroup section */
		BBC567DF2A2EA0460017E798 = {
			isa = PBXGroup;
			children = (
				BBC567EA2A2EA0460017E798 /* Porn Blocker */,
				BB4378B22E1F53C000534EED /* ContentBlocker */,
				BBC567E92A2EA0460017E798 /* Products */,
			);
			sourceTree = "<group>";
		};
		BBC567E92A2EA0460017E798 /* Products */ = {
			isa = PBXGroup;
			children = (
				BBC567E82A2EA0460017E798 /* Porn Blocker.app */,
				BB4378B12E1F53C000534EED /* ContentBlocker.appex */,
			);
			name = Products;
			sourceTree = "<group>";
		};
		BBC567EA2A2EA0460017E798 /* Porn Blocker */ = {
			isa = PBXGroup;
			children = (
				BB43791D2E34701900534EED /* Porn BlockerDebug.entitlements */,
				BB43785A2E18B57E00534EED /* keywordsList.json */,
				BB4378562E18AE9B00534EED /* BlocklistManager.swift */,
				BB4378572E18AE9B00534EED /* SubscriptionManager.swift */,
				BBC567EB2A2EA0460017E798 /* Porn_BlockerApp.swift */,
				BBC567ED2A2EA0460017E798 /* ContentView.swift */,
				BB4378BF2E2742A800534EED /* BlockerSettingsView.swift */,
				BB4378C02E2742A800534EED /* ContactView.swift */,
				BB4378C12E2742A800534EED /* DashboardView.swift */,
				BB4378C22E2742A800534EED /* FAQView.swift */,
				BB4378C32E2742A800534EED /* FeatureRow.swift */,
				BB4378C42E2742A800534EED /* InstructionStep.swift */,
				BB4378C52E2742A800534EED /* KeywordEditorView.swift */,
				BB4378C62E2742A800534EED /* MainTabView.swift */,
				BB4378C72E2742A800534EED /* PaywallScreen.swift */,
				BB4378C82E2742A800534EED /* PrivacyPolicyView.swift */,
				BB4378C92E2742A800534EED /* SafariExtensionInstructionsView.swift */,
				BB4378CA2E2742A800534EED /* SettingsRow.swift */,
				BB4378CB2E2742A800534EED /* SettingsView.swift */,
				BB4378CC2E2742A800534EED /* StatisticCard.swift */,
				BB4378CD2E2742A800534EED /* SubmitView.swift */,
				BB4378CE2E2742A800534EED /* TermsView.swift */,
				BB4378CF2E2742A800534EED /* WebsiteEditorView.swift */,
				BBC567EF2A2EA0470017E798 /* Assets.xcassets */,
				BBC567F12A2EA0470017E798 /* Preview Content */,
			);
			path = "Porn Blocker";
			sourceTree = "<group>";
		};
		BBC567F12A2EA0470017E798 /* Preview Content */ = {
			isa = PBXGroup;
			children = (
				BBC567F22A2EA0470017E798 /* Preview Assets.xcassets */,
			);
			path = "Preview Content";
			sourceTree = "<group>";
		};
/* End PBXGroup section */

/* Begin PBXNativeTarget section */
		BB4378B02E1F53C000534EED /* ContentBlocker */ = {
			isa = PBXNativeTarget;
			buildConfigurationList = BB4378BC2E1F53C000534EED /* Build configuration list for PBXNativeTarget "ContentBlocker" */;
			buildPhases = (
				BB4378AD2E1F53C000534EED /* Sources */,
				BB4378AE2E1F53C000534EED /* Frameworks */,
				BB4378AF2E1F53C000534EED /* Resources */,
			);
			buildRules = (
			);
			dependencies = (
			);
			fileSystemSynchronizedGroups = (
				BB4378B22E1F53C000534EED /* ContentBlocker */,
			);
			name = ContentBlocker;
			packageProductDependencies = (
			);
			productName = ContentBlocker;
			productReference = BB4378B12E1F53C000534EED /* ContentBlocker.appex */;
			productType = "com.apple.product-type.app-extension";
		};
		BBC567E72A2EA0460017E798 /* Porn Blocker */ = {
			isa = PBXNativeTarget;
			buildConfigurationList = BBC567F62A2EA0470017E798 /* Build configuration list for PBXNativeTarget "Porn Blocker" */;
			buildPhases = (
				BBC567E42A2EA0460017E798 /* Sources */,
				BBC567E52A2EA0460017E798 /* Frameworks */,
				BBC567E62A2EA0460017E798 /* Resources */,
				BB4378512E1760FB00534EED /* Embed Foundation Extensions */,
			);
			buildRules = (
			);
			dependencies = (
				BB4378B92E1F53C000534EED /* PBXTargetDependency */,
			);
			name = "Porn Blocker";
			productName = "Porn Blocker";
			productReference = BBC567E82A2EA0460017E798 /* Porn Blocker.app */;
			productType = "com.apple.product-type.application";
		};
/* End PBXNativeTarget section */

/* Begin PBXProject section */
		BBC567E02A2EA0460017E798 /* Project object */ = {
			isa = PBXProject;
			attributes = {
				BuildIndependentTargetsInParallel = 1;
				LastSwiftUpdateCheck = 1640;
				LastUpgradeCheck = 1430;
				TargetAttributes = {
					BB4378B02E1F53C000534EED = {
						CreatedOnToolsVersion = 16.4;
					};
					BBC567E72A2EA0460017E798 = {
						CreatedOnToolsVersion = 14.3;
					};
				};
			};
			buildConfigurationList = BBC567E32A2EA0460017E798 /* Build configuration list for PBXProject "Porn Blocker" */;
			compatibilityVersion = "Xcode 14.0";
			developmentRegion = en;
			hasScannedForEncodings = 0;
			knownRegions = (
				en,
				Base,
			);
			mainGroup = BBC567DF2A2EA0460017E798;
			productRefGroup = BBC567E92A2EA0460017E798 /* Products */;
			projectDirPath = "";
			projectRoot = "";
			targets = (
				BBC567E72A2EA0460017E798 /* Porn Blocker */,
				BB4378B02E1F53C000534EED /* ContentBlocker */,
			);
		};
/* End PBXProject section */

/* Begin PBXResourcesBuildPhase section */
		BB4378AF2E1F53C000534EED /* Resources */ = {
			isa = PBXResourcesBuildPhase;
			buildActionMask = 2147483647;
			files = (
			);
			runOnlyForDeploymentPostprocessing = 0;
		};
		BBC567E62A2EA0460017E798 /* Resources */ = {
			isa = PBXResourcesBuildPhase;
			buildActionMask = 2147483647;
			files = (
				BB43785B2E18B5AD00534EED /* keywordsList.json in Resources */,
				BBC567F32A2EA0470017E798 /* Preview Assets.xcassets in Resources */,
				BBC567F02A2EA0470017E798 /* Assets.xcassets in Resources */,
			);
			runOnlyForDeploymentPostprocessing = 0;
		};
/* End PBXResourcesBuildPhase section */

/* Begin PBXSourcesBuildPhase section */
		BB4378AD2E1F53C000534EED /* Sources */ = {
			isa = PBXSourcesBuildPhase;
			buildActionMask = 2147483647;
			files = (
			);
			runOnlyForDeploymentPostprocessing = 0;
		};
		BBC567E42A2EA0460017E798 /* Sources */ = {
			isa = PBXSourcesBuildPhase;
			buildActionMask = 2147483647;
			files = (
				BBC567EE2A2EA0460017E798 /* ContentView.swift in Sources */,
				BBC567EC2A2EA0460017E798 /* Porn_BlockerApp.swift in Sources */,
				BB4378D02E2742A800534EED /* PaywallScreen.swift in Sources */,
				BB4378D12E2742A800534EED /* FAQView.swift in Sources */,
				BB4378D22E2742A800534EED /* DashboardView.swift in Sources */,
				BB4378D32E2742A800534EED /* SubmitView.swift in Sources */,
				BB4378D42E2742A800534EED /* BlockerSettingsView.swift in Sources */,
				BB4378D52E2742A800534EED /* SafariExtensionInstructionsView.swift in Sources */,
				BB4378D62E2742A800534EED /* TermsView.swift in Sources */,
				BB4378D72E2742A800534EED /* PrivacyPolicyView.swift in Sources */,
				BB4378D82E2742A800534EED /* WebsiteEditorView.swift in Sources */,
				BB4378D92E2742A800534EED /* ContactView.swift in Sources */,
				BB4378DA2E2742A800534EED /* FeatureRow.swift in Sources */,
				BB4378DB2E2742A800534EED /* MainTabView.swift in Sources */,
				BB4378DC2E2742A800534EED /* SettingsRow.swift in Sources */,
				BB4378DD2E2742A800534EED /* SettingsView.swift in Sources */,
				BB4378DE2E2742A800534EED /* StatisticCard.swift in Sources */,
				BB4378DF2E2742A800534EED /* InstructionStep.swift in Sources */,
				BB4378E02E2742A800534EED /* KeywordEditorView.swift in Sources */,
				BB4378582E18AE9B00534EED /* BlocklistManager.swift in Sources */,
				BB4378592E18AE9B00534EED /* SubscriptionManager.swift in Sources */,
			);
			runOnlyForDeploymentPostprocessing = 0;
		};
/* End PBXSourcesBuildPhase section */

/* Begin PBXTargetDependency section */
		BB4378B92E1F53C000534EED /* PBXTargetDependency */ = {
			isa = PBXTargetDependency;
			target = BB4378B02E1F53C000534EED /* ContentBlocker */;
			targetProxy = BB4378B82E1F53C000534EED /* PBXContainerItemProxy */;
		};
/* End PBXTargetDependency section */

/* Begin XCBuildConfiguration section */
		BB4378BD2E1F53C000534EED /* Debug */ = {
			isa = XCBuildConfiguration;
			buildSettings = {
				ARCHS = "$(ARCHS_STANDARD_64_BIT)";
				ASSETCATALOG_COMPILER_GENERATE_SWIFT_ASSET_SYMBOL_EXTENSIONS = YES;
				CODE_SIGN_STYLE = Automatic;
				CURRENT_PROJECT_VERSION = 1;
				DEVELOPMENT_TEAM = 57R4ZFVKDM;
				ENABLE_USER_SCRIPT_SANDBOXING = YES;
				GCC_C_LANGUAGE_STANDARD = gnu17;
				GENERATE_INFOPLIST_FILE = YES;
				INFOPLIST_FILE = ContentBlocker/Info.plist;
				INFOPLIST_KEY_CFBundleDisplayName = ContentBlocker;
				INFOPLIST_KEY_NSHumanReadableCopyright = "";
				IPHONEOS_DEPLOYMENT_TARGET = 18.5;
				LD_RUNPATH_SEARCH_PATHS = (
					"$(inherited)",
					"@executable_path/Frameworks",
					"@executable_path/../../Frameworks",
				);
				LOCALIZATION_PREFERS_STRING_CATALOGS = YES;
				MARKETING_VERSION = 1.0;
				PRODUCT_BUNDLE_IDENTIFIER = "com.jose.pimentel.Porn-Blocker.ContentBlocker";
				PRODUCT_NAME = "$(TARGET_NAME)";
				SKIP_INSTALL = YES;
				SWIFT_ACTIVE_COMPILATION_CONDITIONS = "DEBUG $(inherited)";
				SWIFT_EMIT_LOC_STRINGS = YES;
				SWIFT_VERSION = 5.0;
				TARGETED_DEVICE_FAMILY = "1,2";
			};
			name = Debug;
		};
		BB4378BE2E1F53C000534EED /* Release */ = {
			isa = XCBuildConfiguration;
			buildSettings = {
				ARCHS = "$(ARCHS_STANDARD_64_BIT)";
				ASSETCATALOG_COMPILER_GENERATE_SWIFT_ASSET_SYMBOL_EXTENSIONS = YES;
				CODE_SIGN_STYLE = Automatic;
				CURRENT_PROJECT_VERSION = 1;
				DEVELOPMENT_TEAM = 57R4ZFVKDM;
				ENABLE_USER_SCRIPT_SANDBOXING = YES;
				GCC_C_LANGUAGE_STANDARD = gnu17;
				GENERATE_INFOPLIST_FILE = YES;
				INFOPLIST_FILE = ContentBlocker/Info.plist;
				INFOPLIST_KEY_CFBundleDisplayName = ContentBlocker;
				INFOPLIST_KEY_NSHumanReadableCopyright = "";
				IPHONEOS_DEPLOYMENT_TARGET = 18.5;
				LD_RUNPATH_SEARCH_PATHS = (
					"$(inherited)",
					"@executable_path/Frameworks",
					"@executable_path/../../Frameworks",
				);
				LOCALIZATION_PREFERS_STRING_CATALOGS = YES;
				MARKETING_VERSION = 1.0;
				PRODUCT_BUNDLE_IDENTIFIER = "com.jose.pimentel.Porn-Blocker.ContentBlocker";
				PRODUCT_NAME = "$(TARGET_NAME)";
				SKIP_INSTALL = YES;
				SWIFT_EMIT_LOC_STRINGS = YES;
				SWIFT_VERSION = 5.0;
				TARGETED_DEVICE_FAMILY = "1,2";
			};
			name = Release;
		};
		BBC567F42A2EA0470017E798 /* Debug */ = {
			isa = XCBuildConfiguration;
			buildSettings = {
				ALWAYS_SEARCH_USER_PATHS = NO;
				CLANG_ANALYZER_NONNULL = YES;
				CLANG_ANALYZER_NUMBER_OBJECT_CONVERSION = YES_AGGRESSIVE;
				CLANG_CXX_LANGUAGE_STANDARD = "gnu++20";
				CLANG_ENABLE_MODULES = YES;
				CLANG_ENABLE_OBJC_ARC = YES;
				CLANG_ENABLE_OBJC_WEAK = YES;
				CLANG_WARN_BLOCK_CAPTURE_AUTORELEASING = YES;
				CLANG_WARN_BOOL_CONVERSION = YES;
				CLANG_WARN_COMMA = YES;
				CLANG_WARN_CONSTANT_CONVERSION = YES;
				CLANG_WARN_DEPRECATED_OBJC_IMPLEMENTATIONS = YES;
				CLANG_WARN_DIRECT_OBJC_ISA_USAGE = YES_ERROR;
				CLANG_WARN_DOCUMENTATION_COMMENTS = YES;
				CLANG_WARN_EMPTY_BODY = YES;
				CLANG_WARN_ENUM_CONVERSION = YES;
				CLANG_WARN_INFINITE_RECURSION = YES;
				CLANG_WARN_INT_CONVERSION = YES;
				CLANG_WARN_NON_LITERAL_NULL_CONVERSION = YES;
				CLANG_WARN_OBJC_IMPLICIT_RETAIN_SELF = YES;
				CLANG_WARN_OBJC_LITERAL_CONVERSION = YES;
				CLANG_WARN_OBJC_ROOT_CLASS = YES_ERROR;
				CLANG_WARN_QUOTED_INCLUDE_IN_FRAMEWORK_HEADER = YES;
				CLANG_WARN_RANGE_LOOP_ANALYSIS = YES;
				CLANG_WARN_STRICT_PROTOTYPES = YES;
				CLANG_WARN_SUSPICIOUS_MOVE = YES;
				CLANG_WARN_UNGUARDED_AVAILABILITY = YES_AGGRESSIVE;
				CLANG_WARN_UNREACHABLE_CODE = YES;
				CLANG_WARN__DUPLICATE_METHOD_MATCH = YES;
				COPY_PHASE_STRIP = NO;
				DEBUG_INFORMATION_FORMAT = dwarf;
				ENABLE_STRICT_OBJC_MSGSEND = YES;
				ENABLE_TESTABILITY = YES;
				GCC_C_LANGUAGE_STANDARD = gnu11;
				GCC_DYNAMIC_NO_PIC = NO;
				GCC_NO_COMMON_BLOCKS = YES;
				GCC_OPTIMIZATION_LEVEL = 0;
				GCC_PREPROCESSOR_DEFINITIONS = (
					"DEBUG=1",
					"$(inherited)",
				);
				GCC_WARN_64_TO_32_BIT_CONVERSION = YES;
				GCC_WARN_ABOUT_RETURN_TYPE = YES_ERROR;
				GCC_WARN_UNDECLARED_SELECTOR = YES;
				GCC_WARN_UNINITIALIZED_AUTOS = YES_AGGRESSIVE;
				GCC_WARN_UNUSED_FUNCTION = YES;
				GCC_WARN_UNUSED_VARIABLE = YES;
				IPHONEOS_DEPLOYMENT_TARGET = 16.4;
				MTL_ENABLE_DEBUG_INFO = INCLUDE_SOURCE;
				MTL_FAST_MATH = YES;
				ONLY_ACTIVE_ARCH = YES;
				SDKROOT = iphoneos;
				SWIFT_ACTIVE_COMPILATION_CONDITIONS = DEBUG;
				SWIFT_OPTIMIZATION_LEVEL = "-Onone";
			};
			name = Debug;
		};
		BBC567F52A2EA0470017E798 /* Release */ = {
			isa = XCBuildConfiguration;
			buildSettings = {
				ALWAYS_SEARCH_USER_PATHS = NO;
				CLANG_ANALYZER_NONNULL = YES;
				CLANG_ANALYZER_NUMBER_OBJECT_CONVERSION = YES_AGGRESSIVE;
				CLANG_CXX_LANGUAGE_STANDARD = "gnu++20";
				CLANG_ENABLE_MODULES = YES;
				CLANG_ENABLE_OBJC_ARC = YES;
				CLANG_ENABLE_OBJC_WEAK = YES;
				CLANG_WARN_BLOCK_CAPTURE_AUTORELEASING = YES;
				CLANG_WARN_BOOL_CONVERSION = YES;
				CLANG_WARN_COMMA = YES;
				CLANG_WARN_CONSTANT_CONVERSION = YES;
				CLANG_WARN_DEPRECATED_OBJC_IMPLEMENTATIONS = YES;
				CLANG_WARN_DIRECT_OBJC_ISA_USAGE = YES_ERROR;
				CLANG_WARN_DOCUMENTATION_COMMENTS = YES;
				CLANG_WARN_EMPTY_BODY = YES;
				CLANG_WARN_ENUM_CONVERSION = YES;
				CLANG_WARN_INFINITE_RECURSION = YES;
				CLANG_WARN_INT_CONVERSION = YES;
				CLANG_WARN_NON_LITERAL_NULL_CONVERSION = YES;
				CLANG_WARN_OBJC_IMPLICIT_RETAIN_SELF = YES;
				CLANG_WARN_OBJC_LITERAL_CONVERSION = YES;
				CLANG_WARN_OBJC_ROOT_CLASS = YES_ERROR;
				CLANG_WARN_QUOTED_INCLUDE_IN_FRAMEWORK_HEADER = YES;
				CLANG_WARN_RANGE_LOOP_ANALYSIS = YES;
				CLANG_WARN_STRICT_PROTOTYPES = YES;
				CLANG_WARN_SUSPICIOUS_MOVE = YES;
				CLANG_WARN_UNGUARDED_AVAILABILITY = YES_AGGRESSIVE;
				CLANG_WARN_UNREACHABLE_CODE = YES;
				CLANG_WARN__DUPLICATE_METHOD_MATCH = YES;
				COPY_PHASE_STRIP = NO;
				DEBUG_INFORMATION_FORMAT = "dwarf-with-dsym";
				ENABLE_NS_ASSERTIONS = NO;
				ENABLE_STRICT_OBJC_MSGSEND = YES;
				GCC_C_LANGUAGE_STANDARD = gnu11;
				GCC_NO_COMMON_BLOCKS = YES;
				GCC_WARN_64_TO_32_BIT_CONVERSION = YES;
				GCC_WARN_ABOUT_RETURN_TYPE = YES_ERROR;
				GCC_WARN_UNDECLARED_SELECTOR = YES;
				GCC_WARN_UNINITIALIZED_AUTOS = YES_AGGRESSIVE;
				GCC_WARN_UNUSED_FUNCTION = YES;
				GCC_WARN_UNUSED_VARIABLE = YES;
				IPHONEOS_DEPLOYMENT_TARGET = 16.4;
				MTL_ENABLE_DEBUG_INFO = NO;
				MTL_FAST_MATH = YES;
				SDKROOT = iphoneos;
				SWIFT_COMPILATION_MODE = wholemodule;
				SWIFT_OPTIMIZATION_LEVEL = "-O";
				VALIDATE_PRODUCT = YES;
			};
			name = Release;
		};
		BBC567F72A2EA0470017E798 /* Debug */ = {
			isa = XCBuildConfiguration;
			buildSettings = {
				ASSETCATALOG_COMPILER_APPICON_NAME = AppIcon;
				ASSETCATALOG_COMPILER_GLOBAL_ACCENT_COLOR_NAME = AccentColor;
				CODE_SIGN_STYLE = Automatic;
				CURRENT_PROJECT_VERSION = 1;
				DEVELOPMENT_ASSET_PATHS = "\"Porn Blocker/Preview Content\"";
				DEVELOPMENT_TEAM = 57R4ZFVKDM;
				ENABLE_PREVIEWS = YES;
				GENERATE_INFOPLIST_FILE = YES;
				INFOPLIST_KEY_UIApplicationSceneManifest_Generation = YES;
				INFOPLIST_KEY_UIApplicationSupportsIndirectInputEvents = YES;
				INFOPLIST_KEY_UILaunchScreen_Generation = YES;
				INFOPLIST_KEY_UISupportedInterfaceOrientations_iPad = "UIInterfaceOrientationPortrait UIInterfaceOrientationPortraitUpsideDown UIInterfaceOrientationLandscapeLeft UIInterfaceOrientationLandscapeRight";
				INFOPLIST_KEY_UISupportedInterfaceOrientations_iPhone = "UIInterfaceOrientationPortrait UIInterfaceOrientationLandscapeLeft UIInterfaceOrientationLandscapeRight";
				LD_RUNPATH_SEARCH_PATHS = (
					"$(inherited)",
					"@executable_path/Frameworks",
				);
				MARKETING_VERSION = 1.0;
				PRODUCT_BUNDLE_IDENTIFIER = "com.jose.pimentel.Porn-Blocker";
				PRODUCT_NAME = "$(TARGET_NAME)";
				SWIFT_EMIT_LOC_STRINGS = YES;
				SWIFT_VERSION = 5.0;
				TARGETED_DEVICE_FAMILY = "1,2";
			};
			name = Debug;
		};
		BBC567F82A2EA0470017E798 /* Release */ = {
			isa = XCBuildConfiguration;
			buildSettings = {
				ASSETCATALOG_COMPILER_APPICON_NAME = AppIcon;
				ASSETCATALOG_COMPILER_GLOBAL_ACCENT_COLOR_NAME = AccentColor;
				CODE_SIGN_STYLE = Automatic;
				CURRENT_PROJECT_VERSION = 1;
				DEVELOPMENT_ASSET_PATHS = "\"Porn Blocker/Preview Content\"";
				DEVELOPMENT_TEAM = 57R4ZFVKDM;
				ENABLE_PREVIEWS = YES;
				GENERATE_INFOPLIST_FILE = YES;
				INFOPLIST_KEY_UIApplicationSceneManifest_Generation = YES;
				INFOPLIST_KEY_UIApplicationSupportsIndirectInputEvents = YES;
				INFOPLIST_KEY_UILaunchScreen_Generation = YES;
				INFOPLIST_KEY_UISupportedInterfaceOrientations_iPad = "UIInterfaceOrientationPortrait UIInterfaceOrientationPortraitUpsideDown UIInterfaceOrientationLandscapeLeft UIInterfaceOrientationLandscapeRight";
				INFOPLIST_KEY_UISupportedInterfaceOrientations_iPhone = "UIInterfaceOrientationPortrait UIInterfaceOrientationLandscapeLeft UIInterfaceOrientationLandscapeRight";
				LD_RUNPATH_SEARCH_PATHS = (
					"$(inherited)",
					"@executable_path/Frameworks",
				);
				MARKETING_VERSION = 1.0;
				PRODUCT_BUNDLE_IDENTIFIER = "com.jose.pimentel.Porn-Blocker";
				PRODUCT_NAME = "$(TARGET_NAME)";
				SWIFT_EMIT_LOC_STRINGS = YES;
				SWIFT_VERSION = 5.0;
				TARGETED_DEVICE_FAMILY = "1,2";
			};
			name = Release;
		};
/* End XCBuildConfiguration section */

/* Begin XCConfigurationList section */
		BB4378BC2E1F53C000534EED /* Build configuration list for PBXNativeTarget "ContentBlocker" */ = {
			isa = XCConfigurationList;
			buildConfigurations = (
				BB4378BD2E1F53C000534EED /* Debug */,
				BB4378BE2E1F53C000534EED /* Release */,
			);
			defaultConfigurationIsVisible = 0;
			defaultConfigurationName = Release;
		};
		BBC567E32A2EA0460017E798 /* Build configuration list for PBXProject "Porn Blocker" */ = {
			isa = XCConfigurationList;
			buildConfigurations = (
				BBC567F42A2EA0470017E798 /* Debug */,
				BBC567F52A2EA0470017E798 /* Release */,
			);
			defaultConfigurationIsVisible = 0;
			defaultConfigurationName = Release;
		};
		BBC567F62A2EA0470017E798 /* Build configuration list for PBXNativeTarget "Porn Blocker" */ = {
			isa = XCConfigurationList;
			buildConfigurations = (
				BBC567F72A2EA0470017E798 /* Debug */,
				BBC567F82A2EA0470017E798 /* Release */,
			);
			defaultConfigurationIsVisible = 0;
			defaultConfigurationName = Release;
		};
/* End XCConfigurationList section */
	};
	rootObject = BBC567E02A2EA0460017E798 /* Project object */;
}
